{
    "_readme": [
        "This file locks the dependencies of your project to a known state",
        "Read more about it at https://getcomposer.org/doc/01-basic-usage.md#composer-lock-the-lock-file",
        "This file is @generated automatically"
    ],
    "hash": "f91716eaed37d04986e331c9e821e711",
    "content-hash": "fc05983079cc22f63effa2994d99e2bf",
    "packages": [
        {
            "name": "easyrdf/easyrdf",
            "version": "0.9.1",
            "source": {
                "type": "git",
                "url": "https://github.com/njh/easyrdf.git",
                "reference": "acd09dfe0555fbcfa254291e433c45fdd4652566"
            },
            "dist": {
                "type": "zip",
                "url": "https://api.github.com/repos/njh/easyrdf/zipball/acd09dfe0555fbcfa254291e433c45fdd4652566",
                "reference": "acd09dfe0555fbcfa254291e433c45fdd4652566",
                "shasum": ""
            },
            "require": {
                "ext-mbstring": "*",
                "ext-pcre": "*",
                "php": ">=5.2.8"
            },
            "require-dev": {
                "phpunit/phpunit": "~3.5",
                "sami/sami": "~1.4",
                "squizlabs/php_codesniffer": "~1.4.3"
            },
            "suggest": {
                "ml/json-ld": "~1.0"
            },
            "type": "library",
            "autoload": {
                "psr-0": {
                    "EasyRdf_": "lib/"
                }
            },
            "notification-url": "https://packagist.org/downloads/",
            "license": [
                "BSD-3-Clause"
            ],
            "authors": [
                {
                    "name": "Nicholas Humfrey",
                    "email": "njh@aelius.com",
                    "homepage": "http://www.aelius.com/njh/",
                    "role": "Developer"
                },
                {
                    "name": "Alexey Zakhlestin",
                    "email": "indeyets@gmail.com",
                    "role": "Developer"
                }
            ],
            "description": "EasyRdf is a PHP library designed to make it easy to consume and produce RDF.",
            "homepage": "http://www.easyrdf.org/",
            "keywords": [
                "Linked Data",
                "RDF",
                "Semantic Web",
                "Turtle",
                "rdfa",
                "sparql"
            ],
            "time": "2015-02-27 09:45:49"
        },
        {
            "name": "gbv/jskos",
            "version": "0.0.13",
            "source": {
                "type": "git",
                "url": "https://github.com/gbv/jskos-php.git",
                "reference": "739a82353d6bd1a23530b38ded8dbe08e1a5ccf9"
            },
            "dist": {
                "type": "zip",
                "url": "https://api.github.com/repos/gbv/jskos-php/zipball/739a82353d6bd1a23530b38ded8dbe08e1a5ccf9",
                "reference": "739a82353d6bd1a23530b38ded8dbe08e1a5ccf9",
                "shasum": ""
            },
            "require": {
                "php": ">=5.6",
                "symfony/yaml": ">=2.8.0"
            },
            "require-dev": {
                "friendsofphp/php-cs-fixer": "^1.12",
                "jakub-onderka/php-console-highlighter": "~0.3",
                "jakub-onderka/php-parallel-lint": "~0.9",
                "phpunit/phpunit": "~4.8"
            },
            "suggest": {
                "psr/log": "^1.0"
            },
            "type": "library",
            "autoload": {
                "psr-4": {
                    "JSKOS\\": "src/"
                }
            },
            "notification-url": "https://packagist.org/downloads/",
            "license": [
                "LGPL"
            ],
            "description": "PHP library to access and serve JSKOS data and services",
            "homepage": "http://gbv.github.io/jskos-php/",
            "keywords": [
                "SKOS"
            ],
            "time": "2016-10-18 10:50:47"
        },
        {
            "name": "gbv/jskos-rdf",
            "version": "0.1.1",
            "source": {
                "type": "git",
                "url": "https://github.com/gbv/jskos-rdf.git",
                "reference": "e183494c5096980dfdc919f1ae448341a45881ce"
            },
            "dist": {
                "type": "zip",
                "url": "https://api.github.com/repos/gbv/jskos-rdf/zipball/e183494c5096980dfdc919f1ae448341a45881ce",
                "reference": "e183494c5096980dfdc919f1ae448341a45881ce",
                "shasum": ""
            },
            "require": {
                "easyrdf/easyrdf": "~0.9.0",
                "gbv/jskos": ">=0.0.13",
                "php": ">=7.0"
            },
            "require-dev": {
                "phpunit/phpunit": ">=6.0.0"
            },
            "type": "library",
            "autoload": {
                "psr-4": {
                    "": "src/"
                }
            },
            "notification-url": "https://packagist.org/downloads/",
            "license": [
                "LGPL"
            ],
            "description": "PHP library to process JSKOS and RDF data",
            "homepage": "http://gbv.github.io/jskos-rdf/",
            "keywords": [
                "RDF",
                "SKOS"
            ],
            "time": "2017-03-06 11:05:24"
        },
        {
            "name": "symfony/yaml",
            "version": "v3.2.6",
            "source": {
                "type": "git",
                "url": "https://github.com/symfony/yaml.git",
                "reference": "093e416ad096355149e265ea2e4cc1f9ee40ab1a"
            },
            "dist": {
                "type": "zip",
                "url": "https://api.github.com/repos/symfony/yaml/zipball/093e416ad096355149e265ea2e4cc1f9ee40ab1a",
                "reference": "093e416ad096355149e265ea2e4cc1f9ee40ab1a",
                "shasum": ""
            },
            "require": {
                "php": ">=5.5.9"
            },
            "require-dev": {
                "symfony/console": "~2.8|~3.0"
            },
            "suggest": {
                "symfony/console": "For validating YAML files using the lint command"
            },
            "type": "library",
            "extra": {
                "branch-alias": {
                    "dev-master": "3.2-dev"
                }
            },
            "autoload": {
                "psr-4": {
                    "Symfony\\Component\\Yaml\\": ""
                },
                "exclude-from-classmap": [
                    "/Tests/"
                ]
            },
            "notification-url": "https://packagist.org/downloads/",
            "license": [
                "MIT"
            ],
            "authors": [
                {
                    "name": "Fabien Potencier",
                    "email": "fabien@symfony.com"
                },
                {
                    "name": "Symfony Community",
                    "homepage": "https://symfony.com/contributors"
                }
            ],
            "description": "Symfony Yaml Component",
            "homepage": "https://symfony.com",
            "time": "2017-03-07 16:47:02"
        }
    ],
    "packages-dev": [],
    "aliases": [],
    "minimum-stability": "stable",
    "stability-flags": [],
    "prefer-stable": false,
    "prefer-lowest": false,
    "platform": [],
    "platform-dev": []
}
